
Microsoft Visual Studio Solution File, Format Version 12.00
# Visual Studio Version 16
VisualStudioVersion = 16.0.31515.178
MinimumVisualStudioVersion = 10.0.40219.1
Project("{FAE04EC0-301F-11D3-BF4B-00C04F79EFBC}") = "InfiniteRadio", "InfiniteRadio\InfiniteRadio.csproj", "{FF4DB3FC-68BC-47B7-AE2A-E176CF83B445}"
EndProject
Global
	GlobalSection(SolutionConfigurationPlatforms) = preSolution
		Debug|Any CPU = Debug|Any CPU
		Release|Any CPU = Release|Any CPU
	EndGlobalSection
	GlobalSection(ProjectConfigurationPlatforms) = postSolution
		{FF4DB3FC-68BC-47B7-AE2A-E176CF83B445}.Debug|Any CPU.ActiveCfg = Debug|Any CPU
		{FF4DB3FC-68BC-47B7-AE2A-E176CF83B445}.Debug|Any CPU.Build.0 = Debug|Any CPU
		{FF4DB3FC-68BC-47B7-AE2A-E176CF83B445}.Release|Any CPU.ActiveCfg = Release|Any CPU
		{FF4DB3FC-68BC-47B7-AE2A-E176CF83B445}.Release|Any CPU.Build.0 = Release|Any CPU
	EndGlobalSection
	GlobalSection(SolutionProperties) = preSolution
		HideSolutionNode = FALSE
	EndGlobalSection
	GlobalSection(ExtensibilityGlobals) = postSolution
		SolutionGuid = {6378F5EC-354B-45F4-9C20-166180AF348B}
	EndGlobalSection
EndGlobal
